// !$*UTF8*$!
{
	archiveVersion = 1;
	classes = {
	};
	objectVersion = 50;
	objects = {

/* Begin PBXBuildFile section */
		58E66CD2237EC1DC005CED2F /* AppDelegate.swift in Sources */ = {isa = PBXBuildFile; fileRef = 58E66CD1237EC1DC005CED2F /* AppDelegate.swift */; };
		58E66CD4237EC1DC005CED2F /* SceneDelegate.swift in Sources */ = {isa = PBXBuildFile; fileRef = 58E66CD3237EC1DC005CED2F /* SceneDelegate.swift */; };
		58E66CD6237EC1DC005CED2F /* ViewController.swift in Sources */ = {isa = PBXBuildFile; fileRef = 58E66CD5237EC1DC005CED2F /* ViewController.swift */; };
		58E66CD9237EC1DC005CED2F /* Main.storyboard in Resources */ = {isa = PBXBuildFile; fileRef = 58E66CD7237EC1DC005CED2F /* Main.storyboard */; };
		58E66CDB237EC1DF005CED2F /* Assets.xcassets in Resources */ = {isa = PBXBuildFile; fileRef = 58E66CDA237EC1DF005CED2F /* Assets.xcassets */; };
		58E66CDE237EC1DF005CED2F /* LaunchScreen.storyboard in Resources */ = {isa = PBXBuildFile; fileRef = 58E66CDC237EC1DF005CED2F /* LaunchScreen.storyboard */; };
		58E66CE9237EC1DF005CED2F /* JenkinsIntegrationTests.swift in Sources */ = {isa = PBXBuildFile; fileRef = 58E66CE8237EC1DF005CED2F /* JenkinsIntegrationTests.swift */; };
/* End PBXBuildFile section */

/* Begin PBXContainerItemProxy section */
		58E66CE5237EC1DF005CED2F /* PBXContainerItemProxy */ = {
			isa = PBXContainerItemProxy;
			containerPortal = 58E66CC6237EC1DC005CED2F /* Project object */;
			proxyType = 1;
			remoteGlobalIDString = 58E66CCD237EC1DC005CED2F;
			remoteInfo = JenkinsIntegration;
		};
/* End PBXContainerItemProxy section */

/* Begin PBXFileReference section */
		58E66CCE237EC1DC005CED2F /* JenkinsIntegration.app */ = {isa = PBXFileReference; explicitFileType = wrapper.application; includeInIndex = 0; path = JenkinsIntegration.app; sourceTree = BUILT_PRODUCTS_DIR; };
		58E66CD1237EC1DC005CED2F /* AppDelegate.swift */ = {isa = PBXFileReference; lastKnownFileType = sourcecode.swift; path = AppDelegate.swift; sourceTree = "<group>"; };
		58E66CD3237EC1DC005CED2F /* SceneDelegate.swift */ = {isa = PBXFileReference; lastKnownFileType = sourcecode.swift; path = SceneDelegate.swift; sourceTree = "<group>"; };
		58E66CD5237EC1DC005CED2F /* ViewController.swift */ = {isa = PBXFileReference; lastKnownFileType = sourcecode.swift; path = ViewController.swift; sourceTree = "<group>"; };
		58E66CD8237EC1DC005CED2F /* Base */ = {isa = PBXFileReference; lastKnownFileType = file.storyboard; name = Base; path = Base.lproj/Main.storyboard; sourceTree = "<group>"; };
		58E66CDA237EC1DF005CED2F /* Assets.xcassets */ = {isa = PBXFileReference; lastKnownFileType = folder.assetcatalog; path = Assets.xcassets; sourceTree = "<group>"; };
		58E66CDD237EC1DF005CED2F /* Base */ = {isa = PBXFileReference; lastKnownFileType = file.storyboard; name = Base; path = Base.lproj/LaunchScreen.storyboard; sourceTree = "<group>"; };
		58E66CDF237EC1DF005CED2F /* Info.plist */ = {isa = PBXFileReference; lastKnownFileType = text.plist.xml; path = Info.plist; sourceTree = "<group>"; };
		58E66CE4237EC1DF005CED2F /* JenkinsIntegrationTests.xctest */ = {isa = PBXFileReference; explicitFileType = wrapper.cfbundle; includeInIndex = 0; path = JenkinsIntegrationTests.xctest; sourceTree = BUILT_PRODUCTS_DIR; };
		58E66CE8237EC1DF005CED2F /* JenkinsIntegrationTests.swift */ = {isa = PBXFileReference; lastKnownFileType = sourcecode.swift; path = JenkinsIntegrationTests.swift; sourceTree = "<group>"; };
		58E66CEA237EC1DF005CED2F /* Info.plist */ = {isa = PBXFileReference; lastKnownFileType = text.plist.xml; path = Info.plist; sourceTree = "<group>"; };
/* End PBXFileReference section */

/* Begin PBXFrameworksBuildPhase section */
		58E66CCB237EC1DC005CED2F /* Frameworks */ = {
			isa = PBXFrameworksBuildPhase;
			buildActionMask = 2147483647;
			files = (
			);
			runOnlyForDeploymentPostprocessing = 0;
		};
		58E66CE1237EC1DF005CED2F /* Frameworks */ = {
			isa = PBXFrameworksBuildPhase;
			buildActionMask = 2147483647;
			files = (
			);
			runOnlyForDeploymentPostprocessing = 0;
		};
/* End PBXFrameworksBuildPhase section */

/* Begin PBXGroup section */
		58E66CC5237EC1DC005CED2F = {
			isa = PBXGroup;
			children = (
				58E66CD0237EC1DC005CED2F /* JenkinsIntegration */,
				58E66CE7237EC1DF005CED2F /* JenkinsIntegrationTests */,
				58E66CCF237EC1DC005CED2F /* Products */,
			);
			sourceTree = "<group>";
		};
		58E66CCF237EC1DC005CED2F /* Products */ = {
			isa = PBXGroup;
			children = (
				58E66CCE237EC1DC005CED2F /* JenkinsIntegration.app */,
				58E66CE4237EC1DF005CED2F /* JenkinsIntegrationTests.xctest */,
			);
			name = Products;
			sourceTree = "<group>";
		};
		58E66CD0237EC1DC005CED2F /* JenkinsIntegration */ = {
			isa = PBXGroup;
			children = (
				58E66CD1237EC1DC005CED2F /* AppDelegate.swift */,
				58E66CD3237EC1DC005CED2F /* SceneDelegate.swift */,
				58E66CD5237EC1DC005CED2F /* ViewController.swift */,
				58E66CD7237EC1DC005CED2F /* Main.storyboard */,
				58E66CDA237EC1DF005CED2F /* Assets.xcassets */,
				58E66CDC237EC1DF005CED2F /* LaunchScreen.storyboard */,
				58E66CDF237EC1DF005CED2F /* Info.plist */,
			);
			path = JenkinsIntegration;
			sourceTree = "<group>";
		};
		58E66CE7237EC1DF005CED2F /* JenkinsIntegrationTests */ = {
			isa = PBXGroup;
			children = (
				58E66CE8237EC1DF005CED2F /* JenkinsIntegrationTests.swift */,
				58E66CEA237EC1DF005CED2F /* Info.plist */,
			);
			path = JenkinsIntegrationTests;
			sourceTree = "<group>";
		};
/* End PBXGroup section */

/* Begin PBXNativeTarget section */
		58E66CCD237EC1DC005CED2F /* JenkinsIntegration */ = {
			isa = PBXNativeTarget;
			buildConfigurationList = 58E66CED237EC1DF005CED2F /* Build configuration list for PBXNativeTarget "JenkinsIntegration" */;
			buildPhases = (
				58E66CCA237EC1DC005CED2F /* Sources */,
				58E66CCB237EC1DC005CED2F /* Frameworks */,
				58E66CCC237EC1DC005CED2F /* Resources */,
			);
			buildRules = (
			);
			dependencies = (
			);
			name = JenkinsIntegration;
			productName = JenkinsIntegration;
			productReference = 58E66CCE237EC1DC005CED2F /* JenkinsIntegration.app */;
			productType = "com.apple.product-type.application";
		};
		58E66CE3237EC1DF005CED2F /* JenkinsIntegrationTests */ = {
			isa = PBXNativeTarget;
			buildConfigurationList = 58E66CF0237EC1DF005CED2F /* Build configuration list for PBXNativeTarget "JenkinsIntegrationTests" */;
			buildPhases = (
				58E66CE0237EC1DF005CED2F /* Sources */,
				58E66CE1237EC1DF005CED2F /* Frameworks */,
				58E66CE2237EC1DF005CED2F /* Resources */,
			);
			buildRules = (
			);
			dependencies = (
				58E66CE6237EC1DF005CED2F /* PBXTargetDependency */,
			);
			name = JenkinsIntegrationTests;
			productName = JenkinsIntegrationTests;
			productReference = 58E66CE4237EC1DF005CED2F /* JenkinsIntegrationTests.xctest */;
			productType = "com.apple.product-type.bundle.unit-test";
		};
/* End PBXNativeTarget section */

/* Begin PBXProject section */
		58E66CC6237EC1DC005CED2F /* Project object */ = {
			isa = PBXProject;
			attributes = {
				LastSwiftUpdateCheck = 1120;
				LastUpgradeCheck = 1120;
				ORGANIZATIONNAME = "Anand Pegada";
				TargetAttributes = {
					58E66CCD237EC1DC005CED2F = {
						CreatedOnToolsVersion = 11.2;
					};
					58E66CE3237EC1DF005CED2F = {
						CreatedOnToolsVersion = 11.2;
						TestTargetID = 58E66CCD237EC1DC005CED2F;
					};
				};
			};
			buildConfigurationList = 58E66CC9237EC1DC005CED2F /* Build configuration list for PBXProject "JenkinsIntegration" */;
			compatibilityVersion = "Xcode 9.3";
			developmentRegion = en;
			hasScannedForEncodings = 0;
			knownRegions = (
				en,
				Base,
			);
			mainGroup = 58E66CC5237EC1DC005CED2F;
			productRefGroup = 58E66CCF237EC1DC005CED2F /* Products */;
			projectDirPath = "";
			projectRoot = "";
			targets = (
				58E66CCD237EC1DC005CED2F /* JenkinsIntegration */,
				58E66CE3237EC1DF005CED2F /* JenkinsIntegrationTests */,
			);
		};
/* End PBXProject section */

/* Begin PBXResourcesBuildPhase section */
		58E66CCC237EC1DC005CED2F /* Resources */ = {
			isa = PBXResourcesBuildPhase;
			buildActionMask = 2147483647;
			files = (
				58E66CDE237EC1DF005CED2F /* LaunchScreen.storyboard in Resources */,
				58E66CDB237EC1DF005CED2F /* Assets.xcassets in Resources */,
				58E66CD9237EC1DC005CED2F /* Main.storyboard in Resources */,
			);
			runOnlyForDeploymentPostprocessing = 0;
		};
		58E66CE2237EC1DF005CED2F /* Resources */ = {
			isa = PBXResourcesBuildPhase;
			buildActionMask = 2147483647;
			files = (
			);
			runOnlyForDeploymentPostprocessing = 0;
		};
/* End PBXResourcesBuildPhase section */

/* Begin PBXSourcesBuildPhase section */
		58E66CCA237EC1DC005CED2F /* Sources */ = {
			isa = PBXSourcesBuildPhase;
			buildActionMask = 2147483647;
			files = (
				58E66CD6237EC1DC005CED2F /* ViewController.swift in Sources */,
				58E66CD2237EC1DC005CED2F /* AppDelegate.swift in Sources */,
				58E66CD4237EC1DC005CED2F /* SceneDelegate.swift in Sources */,
			);
			runOnlyForDeploymentPostprocessing = 0;
		};
		58E66CE0237EC1DF005CED2F /* Sources */ = {
			isa = PBXSourcesBuildPhase;
			buildActionMask = 2147483647;
			files = (
				58E66CE9237EC1DF005CED2F /* JenkinsIntegrationTests.swift in Sources */,
			);
			runOnlyForDeploymentPostprocessing = 0;
		};
/* End PBXSourcesBuildPhase section */

/* Begin PBXTargetDependency section */
		58E66CE6237EC1DF005CED2F /* PBXTargetDependency */ = {
			isa = PBXTargetDependency;
			target = 58E66CCD237EC1DC005CED2F /* JenkinsIntegration */;
			targetProxy = 58E66CE5237EC1DF005CED2F /* PBXContainerItemProxy */;
		};
/* End PBXTargetDependency section */

/* Begin PBXVariantGroup section */
		58E66CD7237EC1DC005CED2F /* Main.storyboard */ = {
			isa = PBXVariantGroup;
			children = (
				58E66CD8237EC1DC005CED2F /* Base */,
			);
			name = Main.storyboard;
			sourceTree = "<group>";
		};
		58E66CDC237EC1DF005CED2F /* LaunchScreen.storyboard */ = {
			isa = PBXVariantGroup;
			children = (
				58E66CDD237EC1DF005CED2F /* Base */,
			);
			name = LaunchScreen.storyboard;
			sourceTree = "<group>";
		};
/* End PBXVariantGroup section */

/* Begin XCBuildConfiguration section */
		58E66CEB237EC1DF005CED2F /* Debug */ = {
			isa = XCBuildConfiguration;
			buildSettings = {
				ALWAYS_SEARCH_USER_PATHS = NO;
				CLANG_ANALYZER_NONNULL = YES;
				CLANG_ANALYZER_NUMBER_OBJECT_CONVERSION = YES_AGGRESSIVE;
				CLANG_CXX_LANGUAGE_STANDARD = "gnu++14";
				CLANG_CXX_LIBRARY = "libc++";
				CLANG_ENABLE_MODULES = YES;
				CLANG_ENABLE_OBJC_ARC = YES;
				CLANG_ENABLE_OBJC_WEAK = YES;
				CLANG_WARN_BLOCK_CAPTURE_AUTORELEASING = YES;
				CLANG_WARN_BOOL_CONVERSION = YES;
				CLANG_WARN_COMMA = YES;
				CLANG_WARN_CONSTANT_CONVERSION = YES;
				CLANG_WARN_DEPRECATED_OBJC_IMPLEMENTATIONS = YES;
				CLANG_WARN_DIRECT_OBJC_ISA_USAGE = YES_ERROR;
				CLANG_WARN_DOCUMENTATION_COMMENTS = YES;
				CLANG_WARN_EMPTY_BODY = YES;
				CLANG_WARN_ENUM_CONVERSION = YES;
				CLANG_WARN_INFINITE_RECURSION = YES;
				CLANG_WARN_INT_CONVERSION = YES;
				CLANG_WARN_NON_LITERAL_NULL_CONVERSION = YES;
				CLANG_WARN_OBJC_IMPLICIT_RETAIN_SELF = YES;
				CLANG_WARN_OBJC_LITERAL_CONVERSION = YES;
				CLANG_WARN_OBJC_ROOT_CLASS = YES_ERROR;
				CLANG_WARN_RANGE_LOOP_ANALYSIS = YES;
				CLANG_WARN_STRICT_PROTOTYPES = YES;
				CLANG_WARN_SUSPICIOUS_MOVE = YES;
				CLANG_WARN_UNGUARDED_AVAILABILITY = YES_AGGRESSIVE;
				CLANG_WARN_UNREACHABLE_CODE = YES;
				CLANG_WARN__DUPLICATE_METHOD_MATCH = YES;
				COPY_PHASE_STRIP = NO;
				DEBUG_INFORMATION_FORMAT = dwarf;
				ENABLE_STRICT_OBJC_MSGSEND = YES;
				ENABLE_TESTABILITY = YES;
				GCC_C_LANGUAGE_STANDARD = gnu11;
				GCC_DYNAMIC_NO_PIC = NO;
				GCC_NO_COMMON_BLOCKS = YES;
				GCC_OPTIMIZATION_LEVEL = 0;
				GCC_PREPROCESSOR_DEFINITIONS = (
					"DEBUG=1",
					"$(inherited)",
				);
				GCC_WARN_64_TO_32_BIT_CONVERSION = YES;
				GCC_WARN_ABOUT_RETURN_TYPE = YES_ERROR;
				GCC_WARN_UNDECLARED_SELECTOR = YES;
				GCC_WARN_UNINITIALIZED_AUTOS = YES_AGGRESSIVE;
				GCC_WARN_UNUSED_FUNCTION = YES;
				GCC_WARN_UNUSED_VARIABLE = YES;
				IPHONEOS_DEPLOYMENT_TARGET = 13.2;
				MTL_ENABLE_DEBUG_INFO = INCLUDE_SOURCE;
				MTL_FAST_MATH = YES;
				ONLY_ACTIVE_ARCH = YES;
				SDKROOT = iphoneos;
				SWIFT_ACTIVE_COMPILATION_CONDITIONS = DEBUG;
				SWIFT_OPTIMIZATION_LEVEL = "-Onone";
			};
			name = Debug;
		};
		58E66CEC237EC1DF005CED2F /* Release */ = {
			isa = XCBuildConfiguration;
			buildSettings = {
				ALWAYS_SEARCH_USER_PATHS = NO;
				CLANG_ANALYZER_NONNULL = YES;
				CLANG_ANALYZER_NUMBER_OBJECT_CONVERSION = YES_AGGRESSIVE;
				CLANG_CXX_LANGUAGE_STANDARD = "gnu++14";
				CLANG_CXX_LIBRARY = "libc++";
				CLANG_ENABLE_MODULES = YES;
				CLANG_ENABLE_OBJC_ARC = YES;
				CLANG_ENABLE_OBJC_WEAK = YES;
				CLANG_WARN_BLOCK_CAPTURE_AUTORELEASING = YES;
				CLANG_WARN_BOOL_CONVERSION = YES;
				CLANG_WARN_COMMA = YES;
				CLANG_WARN_CONSTANT_CONVERSION = YES;
				CLANG_WARN_DEPRECATED_OBJC_IMPLEMENTATIONS = YES;
				CLANG_WARN_DIRECT_OBJC_ISA_USAGE = YES_ERROR;
				CLANG_WARN_DOCUMENTATION_COMMENTS = YES;
				CLANG_WARN_EMPTY_BODY = YES;
				CLANG_WARN_ENUM_CONVERSION = YES;
				CLANG_WARN_INFINITE_RECURSION = YES;
				CLANG_WARN_INT_CONVERSION = YES;
				CLANG_WARN_NON_LITERAL_NULL_CONVERSION = YES;
				CLANG_WARN_OBJC_IMPLICIT_RETAIN_SELF = YES;
				CLANG_WARN_OBJC_LITERAL_CONVERSION = YES;
				CLANG_WARN_OBJC_ROOT_CLASS = YES_ERROR;
				CLANG_WARN_RANGE_LOOP_ANALYSIS = YES;
				CLANG_WARN_STRICT_PROTOTYPES = YES;
				CLANG_WARN_SUSPICIOUS_MOVE = YES;
				CLANG_WARN_UNGUARDED_AVAILABILITY = YES_AGGRESSIVE;
				CLANG_WARN_UNREACHABLE_CODE = YES;
				CLANG_WARN__DUPLICATE_METHOD_MATCH = YES;
				COPY_PHASE_STRIP = NO;
				DEBUG_INFORMATION_FORMAT = "dwarf-with-dsym";
				ENABLE_NS_ASSERTIONS = NO;
				ENABLE_STRICT_OBJC_MSGSEND = YES;
				GCC_C_LANGUAGE_STANDARD = gnu11;
				GCC_NO_COMMON_BLOCKS = YES;
				GCC_WARN_64_TO_32_BIT_CONVERSION = YES;
				GCC_WARN_ABOUT_RETURN_TYPE = YES_ERROR;
				GCC_WARN_UNDECLARED_SELECTOR = YES;
				GCC_WARN_UNINITIALIZED_AUTOS = YES_AGGRESSIVE;
				GCC_WARN_UNUSED_FUNCTION = YES;
				GCC_WARN_UNUSED_VARIABLE = YES;
				IPHONEOS_DEPLOYMENT_TARGET = 13.2;
				MTL_ENABLE_DEBUG_INFO = NO;
				MTL_FAST_MATH = YES;
				SDKROOT = iphoneos;
				SWIFT_COMPILATION_MODE = wholemodule;
				SWIFT_OPTIMIZATION_LEVEL = "-O";
				VALIDATE_PRODUCT = YES;
			};
			name = Release;
		};
		58E66CEE237EC1DF005CED2F /* Debug */ = {
			isa = XCBuildConfiguration;
			buildSettings = {
				ASSETCATALOG_COMPILER_APPICON_NAME = AppIcon;
				CODE_SIGN_STYLE = Automatic;
				DEVELOPMENT_TEAM = MZU2NLA2VP;
				INFOPLIST_FILE = JenkinsIntegration/Info.plist;
				LD_RUNPATH_SEARCH_PATHS = (
					"$(inherited)",
					"@executable_path/Frameworks",
				);
				PRODUCT_BUNDLE_IDENTIFIER = mindtree.JenkinsIntegration;
				PRODUCT_NAME = "$(TARGET_NAME)";
				SWIFT_VERSION = 5.0;
				TARGETED_DEVICE_FAMILY = "1,2";
			};
			name = Debug;
		};
		58E66CEF237EC1DF005CED2F /* Release */ = {
			isa = XCBuildConfiguration;
			buildSettings = {
				ASSETCATALOG_COMPILER_APPICON_NAME = AppIcon;
				CODE_SIGN_STYLE = Automatic;
				DEVELOPMENT_TEAM = MZU2NLA2VP;
				INFOPLIST_FILE = JenkinsIntegration/Info.plist;
				LD_RUNPATH_SEARCH_PATHS = (
					"$(inherited)",
					"@executable_path/Frameworks",
				);
				PRODUCT_BUNDLE_IDENTIFIER = mindtree.JenkinsIntegration;
				PRODUCT_NAME = "$(TARGET_NAME)";
				SWIFT_VERSION = 5.0;
				TARGETED_DEVICE_FAMILY = "1,2";
			};
			name = Release;
		};
		58E66CF1237EC1DF005CED2F /* Debug */ = {
			isa = XCBuildConfiguration;
			buildSettings = {
				ALWAYS_EMBED_SWIFT_STANDARD_LIBRARIES = YES;
				BUNDLE_LOADER = "$(TEST_HOST)";
				CODE_SIGN_STYLE = Automatic;
				DEVELOPMENT_TEAM = MZU2NLA2VP;
				INFOPLIST_FILE = JenkinsIntegrationTests/Info.plist;
				IPHONEOS_DEPLOYMENT_TARGET = 13.2;
				LD_RUNPATH_SEARCH_PATHS = (
					"$(inherited)",
					"@executable_path/Frameworks",
					"@loader_path/Frameworks",
				);
				PRODUCT_BUNDLE_IDENTIFIER = mindtree.JenkinsIntegrationTests;
				PRODUCT_NAME = "$(TARGET_NAME)";
				SWIFT_VERSION = 5.0;
				TARGETED_DEVICE_FAMILY = "1,2";
				TEST_HOST = "$(BUILT_PRODUCTS_DIR)/JenkinsIntegration.app/JenkinsIntegration";
			};
			name = Debug;
		};
		58E66CF2237EC1DF005CED2F /* Release */ = {
			isa = XCBuildConfiguration;
			buildSettings = {
				ALWAYS_EMBED_SWIFT_STANDARD_LIBRARIES = YES;
				BUNDLE_LOADER = "$(TEST_HOST)";
				CODE_SIGN_STYLE = Automatic;
				DEVELOPMENT_TEAM = MZU2NLA2VP;
				INFOPLIST_FILE = JenkinsIntegrationTests/Info.plist;
				IPHONEOS_DEPLOYMENT_TARGET = 13.2;
				LD_RUNPATH_SEARCH_PATHS = (
					"$(inherited)",
					"@executable_path/Frameworks",
					"@loader_path/Frameworks",
				);
				PRODUCT_BUNDLE_IDENTIFIER = mindtree.JenkinsIntegrationTests;
				PRODUCT_NAME = "$(TARGET_NAME)";
				SWIFT_VERSION = 5.0;
				TARGETED_DEVICE_FAMILY = "1,2";
				TEST_HOST = "$(BUILT_PRODUCTS_DIR)/JenkinsIntegration.app/JenkinsIntegration";
			};
			name = Release;
		};
/* End XCBuildConfiguration section */

/* Begin XCConfigurationList section */
		58E66CC9237EC1DC005CED2F /* Build configuration list for PBXProject "JenkinsIntegration" */ = {
			isa = XCConfigurationList;
			buildConfigurations = (
				58E66CEB237EC1DF005CED2F /* Debug */,
				58E66CEC237EC1DF005CED2F /* Release */,
			);
			defaultConfigurationIsVisible = 0;
			defaultConfigurationName = Release;
		};
		58E66CED237EC1DF005CED2F /* Build configuration list for PBXNativeTarget "JenkinsIntegration" */ = {
			isa = XCConfigurationList;
			buildConfigurations = (
				58E66CEE237EC1DF005CED2F /* Debug */,
				58E66CEF237EC1DF005CED2F /* Release */,
			);
			defaultConfigurationIsVisible = 0;
			defaultConfigurationName = Release;
		};
		58E66CF0237EC1DF005CED2F /* Build configuration list for PBXNativeTarget "JenkinsIntegrationTests" */ = {
			isa = XCConfigurationList;
			buildConfigurations = (
				58E66CF1237EC1DF005CED2F /* Debug */,
				58E66CF2237EC1DF005CED2F /* Release */,
			);
			defaultConfigurationIsVisible = 0;
			defaultConfigurationName = Release;
		};
/* End XCConfigurationList section */
	};
	rootObject = 58E66CC6237EC1DC005CED2F /* Project object */;
}
